
Microsoft Visual Studio Solution File, Format Version 12.00
# Visual Studio Version 16
VisualStudioVersion = 16.0.29215.179
MinimumVisualStudioVersion = 10.0.40219.1
Project("{FAE04EC0-301F-11D3-BF4B-00C04F79EFBC}") = "WpfApp1", "WpfApp1\WpfApp1.csproj", "{00362FF3-91A3-4721-AB19-30F95058E77C}"
EndProject
Global
	GlobalSection(SolutionConfigurationPlatforms) = preSolution
		Debug|Any CPU = Debug|Any CPU
		Release|Any CPU = Release|Any CPU
	EndGlobalSection
	GlobalSection(ProjectConfigurationPlatforms) = postSolution
		{00362FF3-91A3-4721-AB19-30F95058E77C}.Debug|Any CPU.ActiveCfg = Debug|Any CPU
		{00362FF3-91A3-4721-AB19-30F95058E77C}.Debug|Any CPU.Build.0 = Debug|Any CPU
		{00362FF3-91A3-4721-AB19-30F95058E77C}.Release|Any CPU.ActiveCfg = Release|Any CPU
		{00362FF3-91A3-4721-AB19-30F95058E77C}.Release|Any CPU.Build.0 = Release|Any CPU
	EndGlobalSection
	GlobalSection(SolutionProperties) = preSolution
		HideSolutionNode = FALSE
	EndGlobalSection
	GlobalSection(ExtensibilityGlobals) = postSolution
		SolutionGuid = {21748CB1-83D5-4629-9470-D1382756132F}
	EndGlobalSection
EndGlobal
